{
  "version": "3",
  "redirects": {
    "https://esm.sh/v128/@types/react@~18.2/index.d.ts": "https://esm.sh/v128/@types/react@18.2.38/index.d.ts",
    "https://esm.sh/v135/@types/react-dom@~18.2/client~.d.ts": "https://esm.sh/v135/@types/react-dom@18.2.19/client~.d.ts"
  },
  "remote": {
    "https://esm.sh/react-dom@18.2.0/client": "391c0483ce063105b7d0422c653da70d52ac5f4efa02b0873ce8b70c4dc9ff61",
    "https://esm.sh/react@18.2.0": "8950a34a030620fce8349d6bd3913b3bdb186c5ec7968fa5ba4d054e22d78e6c",
    "https://esm.sh/stable/react@18.2.0/denonext/react.mjs": "3c4f23bcfc53b256fcfaf6f834fa9f584c3bb7be667b2682c6cb6ba8ef88f8e6",
    "https://esm.sh/v135/react-dom@18.2.0/denonext/client.js": "67082d736d11d0d288a4d10f260ab19cbf556c010b2d057088b0b4a5d10338a5",
    "https://esm.sh/v135/react-dom@18.2.0/denonext/react-dom.mjs": "8191fc377ea7083cca5640699c4abd75de033089eb932799e29aa04bb136838f",
    "https://esm.sh/v135/scheduler@0.23.0/denonext/scheduler.mjs": "cdbc6d2823e2c6fffcb14501146ff2602a38c48d3c9dd9268f308e833ede2b49"
  }
}
